
Microsoft Visual Studio Solution File, Format Version 12.00
# Visual Studio Version 16
VisualStudioVersion = 16.0.30406.217
MinimumVisualStudioVersion = 10.0.40219.1
Project("{FAE04EC0-301F-11D3-BF4B-00C04F79EFBC}") = "letter A", "letter A\letter A.csproj", "{7D9D00DD-60F6-430C-9465-C8CE19A259C3}"
EndProject
Global
	GlobalSection(SolutionConfigurationPlatforms) = preSolution
		Debug|Any CPU = Debug|Any CPU
		Release|Any CPU = Release|Any CPU
	EndGlobalSection
	GlobalSection(ProjectConfigurationPlatforms) = postSolution
		{7D9D00DD-60F6-430C-9465-C8CE19A259C3}.Debug|Any CPU.ActiveCfg = Debug|Any CPU
		{7D9D00DD-60F6-430C-9465-C8CE19A259C3}.Debug|Any CPU.Build.0 = Debug|Any CPU
		{7D9D00DD-60F6-430C-9465-C8CE19A259C3}.Release|Any CPU.ActiveCfg = Release|Any CPU
		{7D9D00DD-60F6-430C-9465-C8CE19A259C3}.Release|Any CPU.Build.0 = Release|Any CPU
	EndGlobalSection
	GlobalSection(SolutionProperties) = preSolution
		HideSolutionNode = FALSE
	EndGlobalSection
	GlobalSection(ExtensibilityGlobals) = postSolution
		SolutionGuid = {435FEB4E-D56C-4370-853E-B7772F5A397D}
	EndGlobalSection
EndGlobal
